// !$*UTF8*$!
{
	archiveVersion = 1;
	classes = {
	};
	objectVersion = 50;
	objects = {

/* Begin PBXBuildFile section */
		108462742220E39800C1F5CF /* AppDelegate.swift in Sources */ = {isa = PBXBuildFile; fileRef = 108462732220E39800C1F5CF /* AppDelegate.swift */; };
		108462762220E39800C1F5CF /* ViewController.swift in Sources */ = {isa = PBXBuildFile; fileRef = 108462752220E39800C1F5CF /* ViewController.swift */; };
		108462792220E39800C1F5CF /* Main.storyboard in Resources */ = {isa = PBXBuildFile; fileRef = 108462772220E39800C1F5CF /* Main.storyboard */; };
		1084627B2220E39A00C1F5CF /* Assets.xcassets in Resources */ = {isa = PBXBuildFile; fileRef = 1084627A2220E39A00C1F5CF /* Assets.xcassets */; };
		1084627E2220E39A00C1F5CF /* LaunchScreen.storyboard in Resources */ = {isa = PBXBuildFile; fileRef = 1084627C2220E39A00C1F5CF /* LaunchScreen.storyboard */; };
		108462892220E39A00C1F5CF /* Flappier_BirdTests.swift in Sources */ = {isa = PBXBuildFile; fileRef = 108462882220E39A00C1F5CF /* Flappier_BirdTests.swift */; };
		108462942220E39A00C1F5CF /* Flappier_BirdUITests.swift in Sources */ = {isa = PBXBuildFile; fileRef = 108462932220E39A00C1F5CF /* Flappier_BirdUITests.swift */; };
/* End PBXBuildFile section */

/* Begin PBXContainerItemProxy section */
		108462852220E39A00C1F5CF /* PBXContainerItemProxy */ = {
			isa = PBXContainerItemProxy;
			containerPortal = 108462682220E39800C1F5CF /* Project object */;
			proxyType = 1;
			remoteGlobalIDString = 1084626F2220E39800C1F5CF;
			remoteInfo = "Flappier Bird";
		};
		108462902220E39A00C1F5CF /* PBXContainerItemProxy */ = {
			isa = PBXContainerItemProxy;
			containerPortal = 108462682220E39800C1F5CF /* Project object */;
			proxyType = 1;
			remoteGlobalIDString = 1084626F2220E39800C1F5CF;
			remoteInfo = "Flappier Bird";
		};
/* End PBXContainerItemProxy section */

/* Begin PBXFileReference section */
		108462702220E39800C1F5CF /* Flappier Bird.app */ = {isa = PBXFileReference; explicitFileType = wrapper.application; includeInIndex = 0; path = "Flappier Bird.app"; sourceTree = BUILT_PRODUCTS_DIR; };
		108462732220E39800C1F5CF /* AppDelegate.swift */ = {isa = PBXFileReference; lastKnownFileType = sourcecode.swift; path = AppDelegate.swift; sourceTree = "<group>"; };
		108462752220E39800C1F5CF /* ViewController.swift */ = {isa = PBXFileReference; lastKnownFileType = sourcecode.swift; path = ViewController.swift; sourceTree = "<group>"; };
		108462782220E39800C1F5CF /* Base */ = {isa = PBXFileReference; lastKnownFileType = file.storyboard; name = Base; path = Base.lproj/Main.storyboard; sourceTree = "<group>"; };
		1084627A2220E39A00C1F5CF /* Assets.xcassets */ = {isa = PBXFileReference; lastKnownFileType = folder.assetcatalog; path = Assets.xcassets; sourceTree = "<group>"; };
		1084627D2220E39A00C1F5CF /* Base */ = {isa = PBXFileReference; lastKnownFileType = file.storyboard; name = Base; path = Base.lproj/LaunchScreen.storyboard; sourceTree = "<group>"; };
		1084627F2220E39A00C1F5CF /* Info.plist */ = {isa = PBXFileReference; lastKnownFileType = text.plist.xml; path = Info.plist; sourceTree = "<group>"; };
		108462842220E39A00C1F5CF /* Flappier BirdTests.xctest */ = {isa = PBXFileReference; explicitFileType = wrapper.cfbundle; includeInIndex = 0; path = "Flappier BirdTests.xctest"; sourceTree = BUILT_PRODUCTS_DIR; };
		108462882220E39A00C1F5CF /* Flappier_BirdTests.swift */ = {isa = PBXFileReference; lastKnownFileType = sourcecode.swift; path = Flappier_BirdTests.swift; sourceTree = "<group>"; };
		1084628A2220E39A00C1F5CF /* Info.plist */ = {isa = PBXFileReference; lastKnownFileType = text.plist.xml; path = Info.plist; sourceTree = "<group>"; };
		1084628F2220E39A00C1F5CF /* Flappier BirdUITests.xctest */ = {isa = PBXFileReference; explicitFileType = wrapper.cfbundle; includeInIndex = 0; path = "Flappier BirdUITests.xctest"; sourceTree = BUILT_PRODUCTS_DIR; };
		108462932220E39A00C1F5CF /* Flappier_BirdUITests.swift */ = {isa = PBXFileReference; lastKnownFileType = sourcecode.swift; path = Flappier_BirdUITests.swift; sourceTree = "<group>"; };
		108462952220E39A00C1F5CF /* Info.plist */ = {isa = PBXFileReference; lastKnownFileType = text.plist.xml; path = Info.plist; sourceTree = "<group>"; };
/* End PBXFileReference section */

/* Begin PBXFrameworksBuildPhase section */
		1084626D2220E39800C1F5CF /* Frameworks */ = {
			isa = PBXFrameworksBuildPhase;
			buildActionMask = 2147483647;
			files = (
			);
			runOnlyForDeploymentPostprocessing = 0;
		};
		108462812220E39A00C1F5CF /* Frameworks */ = {
			isa = PBXFrameworksBuildPhase;
			buildActionMask = 2147483647;
			files = (
			);
			runOnlyForDeploymentPostprocessing = 0;
		};
		1084628C2220E39A00C1F5CF /* Frameworks */ = {
			isa = PBXFrameworksBuildPhase;
			buildActionMask = 2147483647;
			files = (
			);
			runOnlyForDeploymentPostprocessing = 0;
		};
/* End PBXFrameworksBuildPhase section */

/* Begin PBXGroup section */
		108462672220E39800C1F5CF = {
			isa = PBXGroup;
			children = (
				108462722220E39800C1F5CF /* Flappier Bird */,
				108462872220E39A00C1F5CF /* Flappier BirdTests */,
				108462922220E39A00C1F5CF /* Flappier BirdUITests */,
				108462712220E39800C1F5CF /* Products */,
			);
			sourceTree = "<group>";
		};
		108462712220E39800C1F5CF /* Products */ = {
			isa = PBXGroup;
			children = (
				108462702220E39800C1F5CF /* Flappier Bird.app */,
				108462842220E39A00C1F5CF /* Flappier BirdTests.xctest */,
				1084628F2220E39A00C1F5CF /* Flappier BirdUITests.xctest */,
			);
			name = Products;
			sourceTree = "<group>";
		};
		108462722220E39800C1F5CF /* Flappier Bird */ = {
			isa = PBXGroup;
			children = (
				108462732220E39800C1F5CF /* AppDelegate.swift */,
				108462752220E39800C1F5CF /* ViewController.swift */,
				108462772220E39800C1F5CF /* Main.storyboard */,
				1084627A2220E39A00C1F5CF /* Assets.xcassets */,
				1084627C2220E39A00C1F5CF /* LaunchScreen.storyboard */,
				1084627F2220E39A00C1F5CF /* Info.plist */,
			);
			path = "Flappier Bird";
			sourceTree = "<group>";
		};
		108462872220E39A00C1F5CF /* Flappier BirdTests */ = {
			isa = PBXGroup;
			children = (
				108462882220E39A00C1F5CF /* Flappier_BirdTests.swift */,
				1084628A2220E39A00C1F5CF /* Info.plist */,
			);
			path = "Flappier BirdTests";
			sourceTree = "<group>";
		};
		108462922220E39A00C1F5CF /* Flappier BirdUITests */ = {
			isa = PBXGroup;
			children = (
				108462932220E39A00C1F5CF /* Flappier_BirdUITests.swift */,
				108462952220E39A00C1F5CF /* Info.plist */,
			);
			path = "Flappier BirdUITests";
			sourceTree = "<group>";
		};
/* End PBXGroup section */

/* Begin PBXNativeTarget section */
		1084626F2220E39800C1F5CF /* Flappier Bird */ = {
			isa = PBXNativeTarget;
			buildConfigurationList = 108462982220E39A00C1F5CF /* Build configuration list for PBXNativeTarget "Flappier Bird" */;
			buildPhases = (
				1084626C2220E39800C1F5CF /* Sources */,
				1084626D2220E39800C1F5CF /* Frameworks */,
				1084626E2220E39800C1F5CF /* Resources */,
			);
			buildRules = (
			);
			dependencies = (
			);
			name = "Flappier Bird";
			productName = "Flappier Bird";
			productReference = 108462702220E39800C1F5CF /* Flappier Bird.app */;
			productType = "com.apple.product-type.application";
		};
		108462832220E39A00C1F5CF /* Flappier BirdTests */ = {
			isa = PBXNativeTarget;
			buildConfigurationList = 1084629B2220E39A00C1F5CF /* Build configuration list for PBXNativeTarget "Flappier BirdTests" */;
			buildPhases = (
				108462802220E39A00C1F5CF /* Sources */,
				108462812220E39A00C1F5CF /* Frameworks */,
				108462822220E39A00C1F5CF /* Resources */,
			);
			buildRules = (
			);
			dependencies = (
				108462862220E39A00C1F5CF /* PBXTargetDependency */,
			);
			name = "Flappier BirdTests";
			productName = "Flappier BirdTests";
			productReference = 108462842220E39A00C1F5CF /* Flappier BirdTests.xctest */;
			productType = "com.apple.product-type.bundle.unit-test";
		};
		1084628E2220E39A00C1F5CF /* Flappier BirdUITests */ = {
			isa = PBXNativeTarget;
			buildConfigurationList = 1084629E2220E39A00C1F5CF /* Build configuration list for PBXNativeTarget "Flappier BirdUITests" */;
			buildPhases = (
				1084628B2220E39A00C1F5CF /* Sources */,
				1084628C2220E39A00C1F5CF /* Frameworks */,
				1084628D2220E39A00C1F5CF /* Resources */,
			);
			buildRules = (
			);
			dependencies = (
				108462912220E39A00C1F5CF /* PBXTargetDependency */,
			);
			name = "Flappier BirdUITests";
			productName = "Flappier BirdUITests";
			productReference = 1084628F2220E39A00C1F5CF /* Flappier BirdUITests.xctest */;
			productType = "com.apple.product-type.bundle.ui-testing";
		};
/* End PBXNativeTarget section */

/* Begin PBXProject section */
		108462682220E39800C1F5CF /* Project object */ = {
			isa = PBXProject;
			attributes = {
				LastSwiftUpdateCheck = 1010;
				LastUpgradeCheck = 1010;
				ORGANIZATIONNAME = "Vault Dweller";
				TargetAttributes = {
					1084626F2220E39800C1F5CF = {
						CreatedOnToolsVersion = 10.1;
					};
					108462832220E39A00C1F5CF = {
						CreatedOnToolsVersion = 10.1;
						TestTargetID = 1084626F2220E39800C1F5CF;
					};
					1084628E2220E39A00C1F5CF = {
						CreatedOnToolsVersion = 10.1;
						TestTargetID = 1084626F2220E39800C1F5CF;
					};
				};
			};
			buildConfigurationList = 1084626B2220E39800C1F5CF /* Build configuration list for PBXProject "Flappier Bird" */;
			compatibilityVersion = "Xcode 9.3";
			developmentRegion = en;
			hasScannedForEncodings = 0;
			knownRegions = (
				en,
				Base,
			);
			mainGroup = 108462672220E39800C1F5CF;
			productRefGroup = 108462712220E39800C1F5CF /* Products */;
			projectDirPath = "";
			projectRoot = "";
			targets = (
				1084626F2220E39800C1F5CF /* Flappier Bird */,
				108462832220E39A00C1F5CF /* Flappier BirdTests */,
				1084628E2220E39A00C1F5CF /* Flappier BirdUITests */,
			);
		};
/* End PBXProject section */

/* Begin PBXResourcesBuildPhase section */
		1084626E2220E39800C1F5CF /* Resources */ = {
			isa = PBXResourcesBuildPhase;
			buildActionMask = 2147483647;
			files = (
				1084627E2220E39A00C1F5CF /* LaunchScreen.storyboard in Resources */,
				1084627B2220E39A00C1F5CF /* Assets.xcassets in Resources */,
				108462792220E39800C1F5CF /* Main.storyboard in Resources */,
			);
			runOnlyForDeploymentPostprocessing = 0;
		};
		108462822220E39A00C1F5CF /* Resources */ = {
			isa = PBXResourcesBuildPhase;
			buildActionMask = 2147483647;
			files = (
			);
			runOnlyForDeploymentPostprocessing = 0;
		};
		1084628D2220E39A00C1F5CF /* Resources */ = {
			isa = PBXResourcesBuildPhase;
			buildActionMask = 2147483647;
			files = (
			);
			runOnlyForDeploymentPostprocessing = 0;
		};
/* End PBXResourcesBuildPhase section */

/* Begin PBXSourcesBuildPhase section */
		1084626C2220E39800C1F5CF /* Sources */ = {
			isa = PBXSourcesBuildPhase;
			buildActionMask = 2147483647;
			files = (
				108462762220E39800C1F5CF /* ViewController.swift in Sources */,
				108462742220E39800C1F5CF /* AppDelegate.swift in Sources */,
			);
			runOnlyForDeploymentPostprocessing = 0;
		};
		108462802220E39A00C1F5CF /* Sources */ = {
			isa = PBXSourcesBuildPhase;
			buildActionMask = 2147483647;
			files = (
				108462892220E39A00C1F5CF /* Flappier_BirdTests.swift in Sources */,
			);
			runOnlyForDeploymentPostprocessing = 0;
		};
		1084628B2220E39A00C1F5CF /* Sources */ = {
			isa = PBXSourcesBuildPhase;
			buildActionMask = 2147483647;
			files = (
				108462942220E39A00C1F5CF /* Flappier_BirdUITests.swift in Sources */,
			);
			runOnlyForDeploymentPostprocessing = 0;
		};
/* End PBXSourcesBuildPhase section */

/* Begin PBXTargetDependency section */
		108462862220E39A00C1F5CF /* PBXTargetDependency */ = {
			isa = PBXTargetDependency;
			target = 1084626F2220E39800C1F5CF /* Flappier Bird */;
			targetProxy = 108462852220E39A00C1F5CF /* PBXContainerItemProxy */;
		};
		108462912220E39A00C1F5CF /* PBXTargetDependency */ = {
			isa = PBXTargetDependency;
			target = 1084626F2220E39800C1F5CF /* Flappier Bird */;
			targetProxy = 108462902220E39A00C1F5CF /* PBXContainerItemProxy */;
		};
/* End PBXTargetDependency section */

/* Begin PBXVariantGroup section */
		108462772220E39800C1F5CF /* Main.storyboard */ = {
			isa = PBXVariantGroup;
			children = (
				108462782220E39800C1F5CF /* Base */,
			);
			name = Main.storyboard;
			sourceTree = "<group>";
		};
		1084627C2220E39A00C1F5CF /* LaunchScreen.storyboard */ = {
			isa = PBXVariantGroup;
			children = (
				1084627D2220E39A00C1F5CF /* Base */,
			);
			name = LaunchScreen.storyboard;
			sourceTree = "<group>";
		};
/* End PBXVariantGroup section */

/* Begin XCBuildConfiguration section */
		108462962220E39A00C1F5CF /* Debug */ = {
			isa = XCBuildConfiguration;
			buildSettings = {
				ALWAYS_SEARCH_USER_PATHS = NO;
				CLANG_ANALYZER_NONNULL = YES;
				CLANG_ANALYZER_NUMBER_OBJECT_CONVERSION = YES_AGGRESSIVE;
				CLANG_CXX_LANGUAGE_STANDARD = "gnu++14";
				CLANG_CXX_LIBRARY = "libc++";
				CLANG_ENABLE_MODULES = YES;
				CLANG_ENABLE_OBJC_ARC = YES;
				CLANG_ENABLE_OBJC_WEAK = YES;
				CLANG_WARN_BLOCK_CAPTURE_AUTORELEASING = YES;
				CLANG_WARN_BOOL_CONVERSION = YES;
				CLANG_WARN_COMMA = YES;
				CLANG_WARN_CONSTANT_CONVERSION = YES;
				CLANG_WARN_DEPRECATED_OBJC_IMPLEMENTATIONS = YES;
				CLANG_WARN_DIRECT_OBJC_ISA_USAGE = YES_ERROR;
				CLANG_WARN_DOCUMENTATION_COMMENTS = YES;
				CLANG_WARN_EMPTY_BODY = YES;
				CLANG_WARN_ENUM_CONVERSION = YES;
				CLANG_WARN_INFINITE_RECURSION = YES;
				CLANG_WARN_INT_CONVERSION = YES;
				CLANG_WARN_NON_LITERAL_NULL_CONVERSION = YES;
				CLANG_WARN_OBJC_IMPLICIT_RETAIN_SELF = YES;
				CLANG_WARN_OBJC_LITERAL_CONVERSION = YES;
				CLANG_WARN_OBJC_ROOT_CLASS = YES_ERROR;
				CLANG_WARN_RANGE_LOOP_ANALYSIS = YES;
				CLANG_WARN_STRICT_PROTOTYPES = YES;
				CLANG_WARN_SUSPICIOUS_MOVE = YES;
				CLANG_WARN_UNGUARDED_AVAILABILITY = YES_AGGRESSIVE;
				CLANG_WARN_UNREACHABLE_CODE = YES;
				CLANG_WARN__DUPLICATE_METHOD_MATCH = YES;
				CODE_SIGN_IDENTITY = "iPhone Developer";
				COPY_PHASE_STRIP = NO;
				DEBUG_INFORMATION_FORMAT = dwarf;
				ENABLE_STRICT_OBJC_MSGSEND = YES;
				ENABLE_TESTABILITY = YES;
				GCC_C_LANGUAGE_STANDARD = gnu11;
				GCC_DYNAMIC_NO_PIC = NO;
				GCC_NO_COMMON_BLOCKS = YES;
				GCC_OPTIMIZATION_LEVEL = 0;
				GCC_PREPROCESSOR_DEFINITIONS = (
					"DEBUG=1",
					"$(inherited)",
				);
				GCC_WARN_64_TO_32_BIT_CONVERSION = YES;
				GCC_WARN_ABOUT_RETURN_TYPE = YES_ERROR;
				GCC_WARN_UNDECLARED_SELECTOR = YES;
				GCC_WARN_UNINITIALIZED_AUTOS = YES_AGGRESSIVE;
				GCC_WARN_UNUSED_FUNCTION = YES;
				GCC_WARN_UNUSED_VARIABLE = YES;
				IPHONEOS_DEPLOYMENT_TARGET = 12.1;
				MTL_ENABLE_DEBUG_INFO = INCLUDE_SOURCE;
				MTL_FAST_MATH = YES;
				ONLY_ACTIVE_ARCH = YES;
				SDKROOT = iphoneos;
				SWIFT_ACTIVE_COMPILATION_CONDITIONS = DEBUG;
				SWIFT_OPTIMIZATION_LEVEL = "-Onone";
			};
			name = Debug;
		};
		108462972220E39A00C1F5CF /* Release */ = {
			isa = XCBuildConfiguration;
			buildSettings = {
				ALWAYS_SEARCH_USER_PATHS = NO;
				CLANG_ANALYZER_NONNULL = YES;
				CLANG_ANALYZER_NUMBER_OBJECT_CONVERSION = YES_AGGRESSIVE;
				CLANG_CXX_LANGUAGE_STANDARD = "gnu++14";
				CLANG_CXX_LIBRARY = "libc++";
				CLANG_ENABLE_MODULES = YES;
				CLANG_ENABLE_OBJC_ARC = YES;
				CLANG_ENABLE_OBJC_WEAK = YES;
				CLANG_WARN_BLOCK_CAPTURE_AUTORELEASING = YES;
				CLANG_WARN_BOOL_CONVERSION = YES;
				CLANG_WARN_COMMA = YES;
				CLANG_WARN_CONSTANT_CONVERSION = YES;
				CLANG_WARN_DEPRECATED_OBJC_IMPLEMENTATIONS = YES;
				CLANG_WARN_DIRECT_OBJC_ISA_USAGE = YES_ERROR;
				CLANG_WARN_DOCUMENTATION_COMMENTS = YES;
				CLANG_WARN_EMPTY_BODY = YES;
				CLANG_WARN_ENUM_CONVERSION = YES;
				CLANG_WARN_INFINITE_RECURSION = YES;
				CLANG_WARN_INT_CONVERSION = YES;
				CLANG_WARN_NON_LITERAL_NULL_CONVERSION = YES;
				CLANG_WARN_OBJC_IMPLICIT_RETAIN_SELF = YES;
				CLANG_WARN_OBJC_LITERAL_CONVERSION = YES;
				CLANG_WARN_OBJC_ROOT_CLASS = YES_ERROR;
				CLANG_WARN_RANGE_LOOP_ANALYSIS = YES;
				CLANG_WARN_STRICT_PROTOTYPES = YES;
				CLANG_WARN_SUSPICIOUS_MOVE = YES;
				CLANG_WARN_UNGUARDED_AVAILABILITY = YES_AGGRESSIVE;
				CLANG_WARN_UNREACHABLE_CODE = YES;
				CLANG_WARN__DUPLICATE_METHOD_MATCH = YES;
				CODE_SIGN_IDENTITY = "iPhone Developer";
				COPY_PHASE_STRIP = NO;
				DEBUG_INFORMATION_FORMAT = "dwarf-with-dsym";
				ENABLE_NS_ASSERTIONS = NO;
				ENABLE_STRICT_OBJC_MSGSEND = YES;
				GCC_C_LANGUAGE_STANDARD = gnu11;
				GCC_NO_COMMON_BLOCKS = YES;
				GCC_WARN_64_TO_32_BIT_CONVERSION = YES;
				GCC_WARN_ABOUT_RETURN_TYPE = YES_ERROR;
				GCC_WARN_UNDECLARED_SELECTOR = YES;
				GCC_WARN_UNINITIALIZED_AUTOS = YES_AGGRESSIVE;
				GCC_WARN_UNUSED_FUNCTION = YES;
				GCC_WARN_UNUSED_VARIABLE = YES;
				IPHONEOS_DEPLOYMENT_TARGET = 12.1;
				MTL_ENABLE_DEBUG_INFO = NO;
				MTL_FAST_MATH = YES;
				SDKROOT = iphoneos;
				SWIFT_COMPILATION_MODE = wholemodule;
				SWIFT_OPTIMIZATION_LEVEL = "-O";
				VALIDATE_PRODUCT = YES;
			};
			name = Release;
		};
		108462992220E39A00C1F5CF /* Debug */ = {
			isa = XCBuildConfiguration;
			buildSettings = {
				ASSETCATALOG_COMPILER_APPICON_NAME = AppIcon;
				CODE_SIGN_STYLE = Automatic;
				DEVELOPMENT_TEAM = 2ZAFMCG89S;
				INFOPLIST_FILE = "Flappier Bird/Info.plist";
				LD_RUNPATH_SEARCH_PATHS = (
					"$(inherited)",
					"@executable_path/Frameworks",
				);
				PRODUCT_BUNDLE_IDENTIFIER = com.VD.PracticeApp.WheelController;
				PRODUCT_NAME = "$(TARGET_NAME)";
				SWIFT_VERSION = 4.2;
				TARGETED_DEVICE_FAMILY = "1,2";
			};
			name = Debug;
		};
		1084629A2220E39A00C1F5CF /* Release */ = {
			isa = XCBuildConfiguration;
			buildSettings = {
				ASSETCATALOG_COMPILER_APPICON_NAME = AppIcon;
				CODE_SIGN_STYLE = Automatic;
				DEVELOPMENT_TEAM = 2ZAFMCG89S;
				INFOPLIST_FILE = "Flappier Bird/Info.plist";
				LD_RUNPATH_SEARCH_PATHS = (
					"$(inherited)",
					"@executable_path/Frameworks",
				);
				PRODUCT_BUNDLE_IDENTIFIER = com.VD.PracticeApp.WheelController;
				PRODUCT_NAME = "$(TARGET_NAME)";
				SWIFT_VERSION = 4.2;
				TARGETED_DEVICE_FAMILY = "1,2";
			};
			name = Release;
		};
		1084629C2220E39A00C1F5CF /* Debug */ = {
			isa = XCBuildConfiguration;
			buildSettings = {
				ALWAYS_EMBED_SWIFT_STANDARD_LIBRARIES = YES;
				BUNDLE_LOADER = "$(TEST_HOST)";
				CODE_SIGN_STYLE = Automatic;
				INFOPLIST_FILE = "Flappier BirdTests/Info.plist";
				LD_RUNPATH_SEARCH_PATHS = (
					"$(inherited)",
					"@executable_path/Frameworks",
					"@loader_path/Frameworks",
				);
				PRODUCT_BUNDLE_IDENTIFIER = "com.VD.PracticeApp.Flappier-BirdTests";
				PRODUCT_NAME = "$(TARGET_NAME)";
				SWIFT_VERSION = 4.2;
				TARGETED_DEVICE_FAMILY = "1,2";
				TEST_HOST = "$(BUILT_PRODUCTS_DIR)/Flappier Bird.app/Flappier Bird";
			};
			name = Debug;
		};
		1084629D2220E39A00C1F5CF /* Release */ = {
			isa = XCBuildConfiguration;
			buildSettings = {
				ALWAYS_EMBED_SWIFT_STANDARD_LIBRARIES = YES;
				BUNDLE_LOADER = "$(TEST_HOST)";
				CODE_SIGN_STYLE = Automatic;
				INFOPLIST_FILE = "Flappier BirdTests/Info.plist";
				LD_RUNPATH_SEARCH_PATHS = (
					"$(inherited)",
					"@executable_path/Frameworks",
					"@loader_path/Frameworks",
				);
				PRODUCT_BUNDLE_IDENTIFIER = "com.VD.PracticeApp.Flappier-BirdTests";
				PRODUCT_NAME = "$(TARGET_NAME)";
				SWIFT_VERSION = 4.2;
				TARGETED_DEVICE_FAMILY = "1,2";
				TEST_HOST = "$(BUILT_PRODUCTS_DIR)/Flappier Bird.app/Flappier Bird";
			};
			name = Release;
		};
		1084629F2220E39A00C1F5CF /* Debug */ = {
			isa = XCBuildConfiguration;
			buildSettings = {
				ALWAYS_EMBED_SWIFT_STANDARD_LIBRARIES = YES;
				CODE_SIGN_STYLE = Automatic;
				INFOPLIST_FILE = "Flappier BirdUITests/Info.plist";
				LD_RUNPATH_SEARCH_PATHS = (
					"$(inherited)",
					"@executable_path/Frameworks",
					"@loader_path/Frameworks",
				);
				PRODUCT_BUNDLE_IDENTIFIER = "com.VD.PracticeApp.Flappier-BirdUITests";
				PRODUCT_NAME = "$(TARGET_NAME)";
				SWIFT_VERSION = 4.2;
				TARGETED_DEVICE_FAMILY = "1,2";
				TEST_TARGET_NAME = "Flappier Bird";
			};
			name = Debug;
		};
		108462A02220E39A00C1F5CF /* Release */ = {
			isa = XCBuildConfiguration;
			buildSettings = {
				ALWAYS_EMBED_SWIFT_STANDARD_LIBRARIES = YES;
				CODE_SIGN_STYLE = Automatic;
				INFOPLIST_FILE = "Flappier BirdUITests/Info.plist";
				LD_RUNPATH_SEARCH_PATHS = (
					"$(inherited)",
					"@executable_path/Frameworks",
					"@loader_path/Frameworks",
				);
				PRODUCT_BUNDLE_IDENTIFIER = "com.VD.PracticeApp.Flappier-BirdUITests";
				PRODUCT_NAME = "$(TARGET_NAME)";
				SWIFT_VERSION = 4.2;
				TARGETED_DEVICE_FAMILY = "1,2";
				TEST_TARGET_NAME = "Flappier Bird";
			};
			name = Release;
		};
/* End XCBuildConfiguration section */

/* Begin XCConfigurationList section */
		1084626B2220E39800C1F5CF /* Build configuration list for PBXProject "Flappier Bird" */ = {
			isa = XCConfigurationList;
			buildConfigurations = (
				108462962220E39A00C1F5CF /* Debug */,
				108462972220E39A00C1F5CF /* Release */,
			);
			defaultConfigurationIsVisible = 0;
			defaultConfigurationName = Release;
		};
		108462982220E39A00C1F5CF /* Build configuration list for PBXNativeTarget "Flappier Bird" */ = {
			isa = XCConfigurationList;
			buildConfigurations = (
				108462992220E39A00C1F5CF /* Debug */,
				1084629A2220E39A00C1F5CF /* Release */,
			);
			defaultConfigurationIsVisible = 0;
			defaultConfigurationName = Release;
		};
		1084629B2220E39A00C1F5CF /* Build configuration list for PBXNativeTarget "Flappier BirdTests" */ = {
			isa = XCConfigurationList;
			buildConfigurations = (
				1084629C2220E39A00C1F5CF /* Debug */,
				1084629D2220E39A00C1F5CF /* Release */,
			);
			defaultConfigurationIsVisible = 0;
			defaultConfigurationName = Release;
		};
		1084629E2220E39A00C1F5CF /* Build configuration list for PBXNativeTarget "Flappier BirdUITests" */ = {
			isa = XCConfigurationList;
			buildConfigurations = (
				1084629F2220E39A00C1F5CF /* Debug */,
				108462A02220E39A00C1F5CF /* Release */,
			);
			defaultConfigurationIsVisible = 0;
			defaultConfigurationName = Release;
		};
/* End XCConfigurationList section */
	};
	rootObject = 108462682220E39800C1F5CF /* Project object */;
}
